
Microsoft Visual Studio Solution File, Format Version 12.00
# Visual Studio Version 16
VisualStudioVersion = 16.0.30114.105
MinimumVisualStudioVersion = 10.0.40219.1
Project("{FAE04EC0-301F-11D3-BF4B-00C04F79EFBC}") = "librarymanagementsystem", "librarymanagementsystem\librarymanagementsystem.csproj", "{27B324C7-84BF-49FF-B714-5E4759E059B3}"
EndProject
Global
	GlobalSection(SolutionConfigurationPlatforms) = preSolution
		Debug|Any CPU = Debug|Any CPU
		Release|Any CPU = Release|Any CPU
	EndGlobalSection
	GlobalSection(ProjectConfigurationPlatforms) = postSolution
		{27B324C7-84BF-49FF-B714-5E4759E059B3}.Debug|Any CPU.ActiveCfg = Debug|Any CPU
		{27B324C7-84BF-49FF-B714-5E4759E059B3}.Debug|Any CPU.Build.0 = Debug|Any CPU
		{27B324C7-84BF-49FF-B714-5E4759E059B3}.Release|Any CPU.ActiveCfg = Release|Any CPU
		{27B324C7-84BF-49FF-B714-5E4759E059B3}.Release|Any CPU.Build.0 = Release|Any CPU
	EndGlobalSection
	GlobalSection(SolutionProperties) = preSolution
		HideSolutionNode = FALSE
	EndGlobalSection
	GlobalSection(ExtensibilityGlobals) = postSolution
		SolutionGuid = {0CD37ABA-97B6-449E-8694-3306957BEE17}
	EndGlobalSection
EndGlobal
